// !$*UTF8*$!
{
	archiveVersion = 1;
	classes = {
	};
	objectVersion = 51;
	objects = {

/* Begin PBXBuildFile section */
		840600D82562505D0070C573 /* HttpRouter.swift in Sources */ = {isa = PBXBuildFile; fileRef = 840600D72562505D0070C573 /* HttpRouter.swift */; };
		840600DB2562509C0070C573 /* HttpService.swift in Sources */ = {isa = PBXBuildFile; fileRef = 840600DA2562509C0070C573 /* HttpService.swift */; };
		840600DE256250D10070C573 /* BooksHttpRouter.swift in Sources */ = {isa = PBXBuildFile; fileRef = 840600DD256250D10070C573 /* BooksHttpRouter.swift */; };
		840600E12562521C0070C573 /* BooksHttpService.swift in Sources */ = {isa = PBXBuildFile; fileRef = 840600E02562521C0070C573 /* BooksHttpService.swift */; };
		840600E52562663E0070C573 /* BooksFavoritesService.swift in Sources */ = {isa = PBXBuildFile; fileRef = 840600E42562663E0070C573 /* BooksFavoritesService.swift */; };
		840600E9256272AB0070C573 /* Coordinator.swift in Sources */ = {isa = PBXBuildFile; fileRef = 840600E8256272AB0070C573 /* Coordinator.swift */; };
		840600ED256272DA0070C573 /* Navigator.swift in Sources */ = {isa = PBXBuildFile; fileRef = 840600EC256272DA0070C573 /* Navigator.swift */; };
		840600F0256272EE0070C573 /* AppCoordinator.swift in Sources */ = {isa = PBXBuildFile; fileRef = 840600EF256272EE0070C573 /* AppCoordinator.swift */; };
		840600F4256273FA0070C573 /* HomeCoordinator.swift in Sources */ = {isa = PBXBuildFile; fileRef = 840600F3256273FA0070C573 /* HomeCoordinator.swift */; };
		840600F7256274730070C573 /* FavoritesCoordinator.swift in Sources */ = {isa = PBXBuildFile; fileRef = 840600F6256274730070C573 /* FavoritesCoordinator.swift */; };
		847BD35E255E9EF400B9F7EC /* FavoritesViewController.swift in Sources */ = {isa = PBXBuildFile; fileRef = 847BD35D255E9EF400B9F7EC /* FavoritesViewController.swift */; };
		847BD362255E9F3400B9F7EC /* FavoritesViewModel.swift in Sources */ = {isa = PBXBuildFile; fileRef = 847BD361255E9F3400B9F7EC /* FavoritesViewModel.swift */; };
		84EBDEC3255E632E0017C7C1 /* AppDelegate.swift in Sources */ = {isa = PBXBuildFile; fileRef = 84EBDEC2255E632E0017C7C1 /* AppDelegate.swift */; };
		84EBDEC5255E632E0017C7C1 /* SceneDelegate.swift in Sources */ = {isa = PBXBuildFile; fileRef = 84EBDEC4255E632E0017C7C1 /* SceneDelegate.swift */; };
		84EBDEC7255E632E0017C7C1 /* HomeViewController.swift in Sources */ = {isa = PBXBuildFile; fileRef = 84EBDEC6255E632E0017C7C1 /* HomeViewController.swift */; };
		84EBDECA255E632E0017C7C1 /* Main.storyboard in Resources */ = {isa = PBXBuildFile; fileRef = 84EBDEC8255E632E0017C7C1 /* Main.storyboard */; };
		84EBDECC255E63360017C7C1 /* Assets.xcassets in Resources */ = {isa = PBXBuildFile; fileRef = 84EBDECB255E63360017C7C1 /* Assets.xcassets */; };
		84EBDECF255E63360017C7C1 /* LaunchScreen.storyboard in Resources */ = {isa = PBXBuildFile; fileRef = 84EBDECD255E63360017C7C1 /* LaunchScreen.storyboard */; };
		84EBDEE1255E664F0017C7C1 /* HomeViewModel.swift in Sources */ = {isa = PBXBuildFile; fileRef = 84EBDEE0255E664F0017C7C1 /* HomeViewModel.swift */; };
		84EBDEEA255E68DE0017C7C1 /* UIStoryboard+Extensions.swift in Sources */ = {isa = PBXBuildFile; fileRef = 84EBDEE9255E68DE0017C7C1 /* UIStoryboard+Extensions.swift */; };
		84EBDEEE255E706B0017C7C1 /* SearchBookResponse.swift in Sources */ = {isa = PBXBuildFile; fileRef = 84EBDEED255E706B0017C7C1 /* SearchBookResponse.swift */; };
		84EBDEF2255E70760017C7C1 /* Book.swift in Sources */ = {isa = PBXBuildFile; fileRef = 84EBDEF1255E70760017C7C1 /* Book.swift */; };
		84EBDEF6255E72B20017C7C1 /* BooksService.swift in Sources */ = {isa = PBXBuildFile; fileRef = 84EBDEF5255E72B20017C7C1 /* BooksService.swift */; };
		84EBDEFE255E8D2A0017C7C1 /* BookCell.swift in Sources */ = {isa = PBXBuildFile; fileRef = 84EBDEFC255E8D2A0017C7C1 /* BookCell.swift */; };
		84EBDEFF255E8D2A0017C7C1 /* BookCell.xib in Resources */ = {isa = PBXBuildFile; fileRef = 84EBDEFD255E8D2A0017C7C1 /* BookCell.xib */; };
		84F13C7F2567985700DA8C87 /* BookViewModel.swift in Sources */ = {isa = PBXBuildFile; fileRef = 84F13C7E2567985700DA8C87 /* BookViewModel.swift */; };
		8815262CBB9883CB4E421B78 /* Pods_Books.framework in Frameworks */ = {isa = PBXBuildFile; fileRef = 3413852C3D2C6C4276C9204A /* Pods_Books.framework */; };
/* End PBXBuildFile section */

/* Begin PBXFileReference section */
		2BBE249469642CF501DEA4A2 /* Pods-Books.debug.xcconfig */ = {isa = PBXFileReference; includeInIndex = 1; lastKnownFileType = text.xcconfig; name = "Pods-Books.debug.xcconfig"; path = "Target Support Files/Pods-Books/Pods-Books.debug.xcconfig"; sourceTree = "<group>"; };
		3413852C3D2C6C4276C9204A /* Pods_Books.framework */ = {isa = PBXFileReference; explicitFileType = wrapper.framework; includeInIndex = 0; path = Pods_Books.framework; sourceTree = BUILT_PRODUCTS_DIR; };
		840600D72562505D0070C573 /* HttpRouter.swift */ = {isa = PBXFileReference; lastKnownFileType = sourcecode.swift; path = HttpRouter.swift; sourceTree = "<group>"; };
		840600DA2562509C0070C573 /* HttpService.swift */ = {isa = PBXFileReference; lastKnownFileType = sourcecode.swift; path = HttpService.swift; sourceTree = "<group>"; };
		840600DD256250D10070C573 /* BooksHttpRouter.swift */ = {isa = PBXFileReference; lastKnownFileType = sourcecode.swift; path = BooksHttpRouter.swift; sourceTree = "<group>"; };
		840600E02562521C0070C573 /* BooksHttpService.swift */ = {isa = PBXFileReference; lastKnownFileType = sourcecode.swift; path = BooksHttpService.swift; sourceTree = "<group>"; };
		840600E42562663E0070C573 /* BooksFavoritesService.swift */ = {isa = PBXFileReference; lastKnownFileType = sourcecode.swift; path = BooksFavoritesService.swift; sourceTree = "<group>"; };
		840600E8256272AB0070C573 /* Coordinator.swift */ = {isa = PBXFileReference; lastKnownFileType = sourcecode.swift; path = Coordinator.swift; sourceTree = "<group>"; };
		840600EC256272DA0070C573 /* Navigator.swift */ = {isa = PBXFileReference; lastKnownFileType = sourcecode.swift; path = Navigator.swift; sourceTree = "<group>"; };
		840600EF256272EE0070C573 /* AppCoordinator.swift */ = {isa = PBXFileReference; lastKnownFileType = sourcecode.swift; path = AppCoordinator.swift; sourceTree = "<group>"; };
		840600F3256273FA0070C573 /* HomeCoordinator.swift */ = {isa = PBXFileReference; lastKnownFileType = sourcecode.swift; path = HomeCoordinator.swift; sourceTree = "<group>"; };
		840600F6256274730070C573 /* FavoritesCoordinator.swift */ = {isa = PBXFileReference; lastKnownFileType = sourcecode.swift; path = FavoritesCoordinator.swift; sourceTree = "<group>"; };
		847BD35D255E9EF400B9F7EC /* FavoritesViewController.swift */ = {isa = PBXFileReference; lastKnownFileType = sourcecode.swift; path = FavoritesViewController.swift; sourceTree = "<group>"; };
		847BD361255E9F3400B9F7EC /* FavoritesViewModel.swift */ = {isa = PBXFileReference; lastKnownFileType = sourcecode.swift; path = FavoritesViewModel.swift; sourceTree = "<group>"; };
		84EBDEBF255E632E0017C7C1 /* Books.app */ = {isa = PBXFileReference; explicitFileType = wrapper.application; includeInIndex = 0; path = Books.app; sourceTree = BUILT_PRODUCTS_DIR; };
		84EBDEC2255E632E0017C7C1 /* AppDelegate.swift */ = {isa = PBXFileReference; lastKnownFileType = sourcecode.swift; path = AppDelegate.swift; sourceTree = "<group>"; };
		84EBDEC4255E632E0017C7C1 /* SceneDelegate.swift */ = {isa = PBXFileReference; lastKnownFileType = sourcecode.swift; path = SceneDelegate.swift; sourceTree = "<group>"; };
		84EBDEC6255E632E0017C7C1 /* HomeViewController.swift */ = {isa = PBXFileReference; lastKnownFileType = sourcecode.swift; path = HomeViewController.swift; sourceTree = "<group>"; };
		84EBDEC9255E632E0017C7C1 /* Base */ = {isa = PBXFileReference; lastKnownFileType = file.storyboard; name = Base; path = Base.lproj/Main.storyboard; sourceTree = "<group>"; };
		84EBDECB255E63360017C7C1 /* Assets.xcassets */ = {isa = PBXFileReference; lastKnownFileType = folder.assetcatalog; path = Assets.xcassets; sourceTree = "<group>"; };
		84EBDECE255E63360017C7C1 /* Base */ = {isa = PBXFileReference; lastKnownFileType = file.storyboard; name = Base; path = Base.lproj/LaunchScreen.storyboard; sourceTree = "<group>"; };
		84EBDED0255E63360017C7C1 /* Info.plist */ = {isa = PBXFileReference; lastKnownFileType = text.plist.xml; path = Info.plist; sourceTree = "<group>"; };
		84EBDEE0255E664F0017C7C1 /* HomeViewModel.swift */ = {isa = PBXFileReference; lastKnownFileType = sourcecode.swift; path = HomeViewModel.swift; sourceTree = "<group>"; };
		84EBDEE9255E68DE0017C7C1 /* UIStoryboard+Extensions.swift */ = {isa = PBXFileReference; lastKnownFileType = sourcecode.swift; path = "UIStoryboard+Extensions.swift"; sourceTree = "<group>"; };
		84EBDEED255E706B0017C7C1 /* SearchBookResponse.swift */ = {isa = PBXFileReference; lastKnownFileType = sourcecode.swift; path = SearchBookResponse.swift; sourceTree = "<group>"; };
		84EBDEF1255E70760017C7C1 /* Book.swift */ = {isa = PBXFileReference; lastKnownFileType = sourcecode.swift; path = Book.swift; sourceTree = "<group>"; };
		84EBDEF5255E72B20017C7C1 /* BooksService.swift */ = {isa = PBXFileReference; lastKnownFileType = sourcecode.swift; path = BooksService.swift; sourceTree = "<group>"; };
		84EBDEFC255E8D2A0017C7C1 /* BookCell.swift */ = {isa = PBXFileReference; lastKnownFileType = sourcecode.swift; path = BookCell.swift; sourceTree = "<group>"; };
		84EBDEFD255E8D2A0017C7C1 /* BookCell.xib */ = {isa = PBXFileReference; lastKnownFileType = file.xib; path = BookCell.xib; sourceTree = "<group>"; };
		84F13C7E2567985700DA8C87 /* BookViewModel.swift */ = {isa = PBXFileReference; lastKnownFileType = sourcecode.swift; path = BookViewModel.swift; sourceTree = "<group>"; };
		BE868AB21FAECF158DD9A60F /* Pods-Books.release.xcconfig */ = {isa = PBXFileReference; includeInIndex = 1; lastKnownFileType = text.xcconfig; name = "Pods-Books.release.xcconfig"; path = "Target Support Files/Pods-Books/Pods-Books.release.xcconfig"; sourceTree = "<group>"; };
/* End PBXFileReference section */

/* Begin PBXFrameworksBuildPhase section */
		84EBDEBC255E632D0017C7C1 /* Frameworks */ = {
			isa = PBXFrameworksBuildPhase;
			buildActionMask = 2147483647;
			files = (
				8815262CBB9883CB4E421B78 /* Pods_Books.framework in Frameworks */,
			);
			runOnlyForDeploymentPostprocessing = 0;
		};
/* End PBXFrameworksBuildPhase section */

/* Begin PBXGroup section */
		3D8143392C94A15950AB031D /* Frameworks */ = {
			isa = PBXGroup;
			children = (
				3413852C3D2C6C4276C9204A /* Pods_Books.framework */,
			);
			name = Frameworks;
			sourceTree = "<group>";
		};
		840600D62562503C0070C573 /* HttpService */ = {
			isa = PBXGroup;
			children = (
				840600D72562505D0070C573 /* HttpRouter.swift */,
				840600DA2562509C0070C573 /* HttpService.swift */,
				840600DD256250D10070C573 /* BooksHttpRouter.swift */,
				840600E02562521C0070C573 /* BooksHttpService.swift */,
			);
			path = HttpService;
			sourceTree = "<group>";
		};
		840600E7256272900070C573 /* Coordinator */ = {
			isa = PBXGroup;
			children = (
				840600E8256272AB0070C573 /* Coordinator.swift */,
				840600EC256272DA0070C573 /* Navigator.swift */,
				840600EF256272EE0070C573 /* AppCoordinator.swift */,
				840600F3256273FA0070C573 /* HomeCoordinator.swift */,
				840600F6256274730070C573 /* FavoritesCoordinator.swift */,
			);
			path = Coordinator;
			sourceTree = "<group>";
		};
		840600F925627DCE0070C573 /* Extensions */ = {
			isa = PBXGroup;
			children = (
				84EBDEE9255E68DE0017C7C1 /* UIStoryboard+Extensions.swift */,
			);
			path = Extensions;
			sourceTree = "<group>";
		};
		847BD35C255E9EDF00B9F7EC /* Favorites */ = {
			isa = PBXGroup;
			children = (
				847BD35D255E9EF400B9F7EC /* FavoritesViewController.swift */,
				847BD361255E9F3400B9F7EC /* FavoritesViewModel.swift */,
			);
			path = Favorites;
			sourceTree = "<group>";
		};
		84EBDEB6255E632D0017C7C1 = {
			isa = PBXGroup;
			children = (
				84EBDEC1255E632E0017C7C1 /* Books */,
				84EBDEC0255E632E0017C7C1 /* Products */,
				BCAE7A7ACA8E6A1C66FBABFA /* Pods */,
				3D8143392C94A15950AB031D /* Frameworks */,
			);
			sourceTree = "<group>";
		};
		84EBDEC0255E632E0017C7C1 /* Products */ = {
			isa = PBXGroup;
			children = (
				84EBDEBF255E632E0017C7C1 /* Books.app */,
			);
			name = Products;
			sourceTree = "<group>";
		};
		84EBDEC1255E632E0017C7C1 /* Books */ = {
			isa = PBXGroup;
			children = (
				840600F925627DCE0070C573 /* Extensions */,
				840600E7256272900070C573 /* Coordinator */,
				84EBDEF4255E72840017C7C1 /* Services */,
				84EBDEEC255E704E0017C7C1 /* Models */,
				84EBDEDE255E66290017C7C1 /* Modules */,
				84EBDEC2255E632E0017C7C1 /* AppDelegate.swift */,
				84EBDEC4255E632E0017C7C1 /* SceneDelegate.swift */,
				84EBDEC8255E632E0017C7C1 /* Main.storyboard */,
				84EBDECB255E63360017C7C1 /* Assets.xcassets */,
				84EBDECD255E63360017C7C1 /* LaunchScreen.storyboard */,
				84EBDED0255E63360017C7C1 /* Info.plist */,
			);
			path = Books;
			sourceTree = "<group>";
		};
		84EBDEDE255E66290017C7C1 /* Modules */ = {
			isa = PBXGroup;
			children = (
				84EBDEFB255E8D0F0017C7C1 /* Cells */,
				847BD35C255E9EDF00B9F7EC /* Favorites */,
				84EBDEDF255E66300017C7C1 /* Home */,
			);
			path = Modules;
			sourceTree = "<group>";
		};
		84EBDEDF255E66300017C7C1 /* Home */ = {
			isa = PBXGroup;
			children = (
				84EBDEC6255E632E0017C7C1 /* HomeViewController.swift */,
				84EBDEE0255E664F0017C7C1 /* HomeViewModel.swift */,
			);
			path = Home;
			sourceTree = "<group>";
		};
		84EBDEEC255E704E0017C7C1 /* Models */ = {
			isa = PBXGroup;
			children = (
				84EBDEED255E706B0017C7C1 /* SearchBookResponse.swift */,
				84EBDEF1255E70760017C7C1 /* Book.swift */,
			);
			path = Models;
			sourceTree = "<group>";
		};
		84EBDEF4255E72840017C7C1 /* Services */ = {
			isa = PBXGroup;
			children = (
				840600D62562503C0070C573 /* HttpService */,
				84EBDEF5255E72B20017C7C1 /* BooksService.swift */,
				840600E42562663E0070C573 /* BooksFavoritesService.swift */,
			);
			path = Services;
			sourceTree = "<group>";
		};
		84EBDEFB255E8D0F0017C7C1 /* Cells */ = {
			isa = PBXGroup;
			children = (
				84EBDEFC255E8D2A0017C7C1 /* BookCell.swift */,
				84EBDEFD255E8D2A0017C7C1 /* BookCell.xib */,
				84F13C7E2567985700DA8C87 /* BookViewModel.swift */,
			);
			path = Cells;
			sourceTree = "<group>";
		};
		BCAE7A7ACA8E6A1C66FBABFA /* Pods */ = {
			isa = PBXGroup;
			children = (
				2BBE249469642CF501DEA4A2 /* Pods-Books.debug.xcconfig */,
				BE868AB21FAECF158DD9A60F /* Pods-Books.release.xcconfig */,
			);
			path = Pods;
			sourceTree = "<group>";
		};
/* End PBXGroup section */

/* Begin PBXNativeTarget section */
		84EBDEBE255E632D0017C7C1 /* Books */ = {
			isa = PBXNativeTarget;
			buildConfigurationList = 84EBDED3255E63360017C7C1 /* Build configuration list for PBXNativeTarget "Books" */;
			buildPhases = (
				B8704FCAADC0569FCFF8D1A3 /* [CP] Check Pods Manifest.lock */,
				84EBDEBB255E632D0017C7C1 /* Sources */,
				84EBDEBC255E632D0017C7C1 /* Frameworks */,
				84EBDEBD255E632D0017C7C1 /* Resources */,
				C664E8E622492325F2E9DA98 /* [CP] Embed Pods Frameworks */,
			);
			buildRules = (
			);
			dependencies = (
			);
			name = Books;
			productName = Books;
			productReference = 84EBDEBF255E632E0017C7C1 /* Books.app */;
			productType = "com.apple.product-type.application";
		};
/* End PBXNativeTarget section */

/* Begin PBXProject section */
		84EBDEB7255E632D0017C7C1 /* Project object */ = {
			isa = PBXProject;
			attributes = {
				LastSwiftUpdateCheck = 1200;
				LastUpgradeCheck = 1200;
				TargetAttributes = {
					84EBDEBE255E632D0017C7C1 = {
						CreatedOnToolsVersion = 12.0.1;
					};
				};
			};
			buildConfigurationList = 84EBDEBA255E632D0017C7C1 /* Build configuration list for PBXProject "Books" */;
			compatibilityVersion = "Xcode 9.3";
			developmentRegion = en;
			hasScannedForEncodings = 0;
			knownRegions = (
				en,
				Base,
			);
			mainGroup = 84EBDEB6255E632D0017C7C1;
			productRefGroup = 84EBDEC0255E632E0017C7C1 /* Products */;
			projectDirPath = "";
			projectRoot = "";
			targets = (
				84EBDEBE255E632D0017C7C1 /* Books */,
			);
		};
/* End PBXProject section */

/* Begin PBXResourcesBuildPhase section */
		84EBDEBD255E632D0017C7C1 /* Resources */ = {
			isa = PBXResourcesBuildPhase;
			buildActionMask = 2147483647;
			files = (
				84EBDEFF255E8D2A0017C7C1 /* BookCell.xib in Resources */,
				84EBDECF255E63360017C7C1 /* LaunchScreen.storyboard in Resources */,
				84EBDECC255E63360017C7C1 /* Assets.xcassets in Resources */,
				84EBDECA255E632E0017C7C1 /* Main.storyboard in Resources */,
			);
			runOnlyForDeploymentPostprocessing = 0;
		};
/* End PBXResourcesBuildPhase section */

/* Begin PBXShellScriptBuildPhase section */
		B8704FCAADC0569FCFF8D1A3 /* [CP] Check Pods Manifest.lock */ = {
			isa = PBXShellScriptBuildPhase;
			buildActionMask = 2147483647;
			files = (
			);
			inputFileListPaths = (
			);
			inputPaths = (
				"${PODS_PODFILE_DIR_PATH}/Podfile.lock",
				"${PODS_ROOT}/Manifest.lock",
			);
			name = "[CP] Check Pods Manifest.lock";
			outputFileListPaths = (
			);
			outputPaths = (
				"$(DERIVED_FILE_DIR)/Pods-Books-checkManifestLockResult.txt",
			);
			runOnlyForDeploymentPostprocessing = 0;
			shellPath = /bin/sh;
			shellScript = "diff \"${PODS_PODFILE_DIR_PATH}/Podfile.lock\" \"${PODS_ROOT}/Manifest.lock\" > /dev/null\nif [ $? != 0 ] ; then\n    # print error to STDERR\n    echo \"error: The sandbox is not in sync with the Podfile.lock. Run 'pod install' or update your CocoaPods installation.\" >&2\n    exit 1\nfi\n# This output is used by Xcode 'outputs' to avoid re-running this script phase.\necho \"SUCCESS\" > \"${SCRIPT_OUTPUT_FILE_0}\"\n";
			showEnvVarsInLog = 0;
		};
		C664E8E622492325F2E9DA98 /* [CP] Embed Pods Frameworks */ = {
			isa = PBXShellScriptBuildPhase;
			buildActionMask = 2147483647;
			files = (
			);
			inputFileListPaths = (
				"${PODS_ROOT}/Target Support Files/Pods-Books/Pods-Books-frameworks-${CONFIGURATION}-input-files.xcfilelist",
			);
			name = "[CP] Embed Pods Frameworks";
			outputFileListPaths = (
				"${PODS_ROOT}/Target Support Files/Pods-Books/Pods-Books-frameworks-${CONFIGURATION}-output-files.xcfilelist",
			);
			runOnlyForDeploymentPostprocessing = 0;
			shellPath = /bin/sh;
			shellScript = "\"${PODS_ROOT}/Target Support Files/Pods-Books/Pods-Books-frameworks.sh\"\n";
			showEnvVarsInLog = 0;
		};
/* End PBXShellScriptBuildPhase section */

/* Begin PBXSourcesBuildPhase section */
		84EBDEBB255E632D0017C7C1 /* Sources */ = {
			isa = PBXSourcesBuildPhase;
			buildActionMask = 2147483647;
			files = (
				840600E12562521C0070C573 /* BooksHttpService.swift in Sources */,
				840600F7256274730070C573 /* FavoritesCoordinator.swift in Sources */,
				84EBDEFE255E8D2A0017C7C1 /* BookCell.swift in Sources */,
				84EBDEC7255E632E0017C7C1 /* HomeViewController.swift in Sources */,
				84EBDEC3255E632E0017C7C1 /* AppDelegate.swift in Sources */,
				84F13C7F2567985700DA8C87 /* BookViewModel.swift in Sources */,
				84EBDEEE255E706B0017C7C1 /* SearchBookResponse.swift in Sources */,
				84EBDEF6255E72B20017C7C1 /* BooksService.swift in Sources */,
				847BD362255E9F3400B9F7EC /* FavoritesViewModel.swift in Sources */,
				847BD35E255E9EF400B9F7EC /* FavoritesViewController.swift in Sources */,
				840600E52562663E0070C573 /* BooksFavoritesService.swift in Sources */,
				84EBDEC5255E632E0017C7C1 /* SceneDelegate.swift in Sources */,
				840600E9256272AB0070C573 /* Coordinator.swift in Sources */,
				840600ED256272DA0070C573 /* Navigator.swift in Sources */,
				840600DE256250D10070C573 /* BooksHttpRouter.swift in Sources */,
				84EBDEF2255E70760017C7C1 /* Book.swift in Sources */,
				84EBDEE1255E664F0017C7C1 /* HomeViewModel.swift in Sources */,
				840600F0256272EE0070C573 /* AppCoordinator.swift in Sources */,
				840600D82562505D0070C573 /* HttpRouter.swift in Sources */,
				840600F4256273FA0070C573 /* HomeCoordinator.swift in Sources */,
				84EBDEEA255E68DE0017C7C1 /* UIStoryboard+Extensions.swift in Sources */,
				840600DB2562509C0070C573 /* HttpService.swift in Sources */,
			);
			runOnlyForDeploymentPostprocessing = 0;
		};
/* End PBXSourcesBuildPhase section */

/* Begin PBXVariantGroup section */
		84EBDEC8255E632E0017C7C1 /* Main.storyboard */ = {
			isa = PBXVariantGroup;
			children = (
				84EBDEC9255E632E0017C7C1 /* Base */,
			);
			name = Main.storyboard;
			sourceTree = "<group>";
		};
		84EBDECD255E63360017C7C1 /* LaunchScreen.storyboard */ = {
			isa = PBXVariantGroup;
			children = (
				84EBDECE255E63360017C7C1 /* Base */,
			);
			name = LaunchScreen.storyboard;
			sourceTree = "<group>";
		};
/* End PBXVariantGroup section */

/* Begin XCBuildConfiguration section */
		84EBDED1255E63360017C7C1 /* Debug */ = {
			isa = XCBuildConfiguration;
			buildSettings = {
				ALWAYS_SEARCH_USER_PATHS = NO;
				CLANG_ANALYZER_NONNULL = YES;
				CLANG_ANALYZER_NUMBER_OBJECT_CONVERSION = YES_AGGRESSIVE;
				CLANG_CXX_LANGUAGE_STANDARD = "gnu++14";
				CLANG_CXX_LIBRARY = "libc++";
				CLANG_ENABLE_MODULES = YES;
				CLANG_ENABLE_OBJC_ARC = YES;
				CLANG_ENABLE_OBJC_WEAK = YES;
				CLANG_WARN_BLOCK_CAPTURE_AUTORELEASING = YES;
				CLANG_WARN_BOOL_CONVERSION = YES;
				CLANG_WARN_COMMA = YES;
				CLANG_WARN_CONSTANT_CONVERSION = YES;
				CLANG_WARN_DEPRECATED_OBJC_IMPLEMENTATIONS = YES;
				CLANG_WARN_DIRECT_OBJC_ISA_USAGE = YES_ERROR;
				CLANG_WARN_DOCUMENTATION_COMMENTS = YES;
				CLANG_WARN_EMPTY_BODY = YES;
				CLANG_WARN_ENUM_CONVERSION = YES;
				CLANG_WARN_INFINITE_RECURSION = YES;
				CLANG_WARN_INT_CONVERSION = YES;
				CLANG_WARN_NON_LITERAL_NULL_CONVERSION = YES;
				CLANG_WARN_OBJC_IMPLICIT_RETAIN_SELF = YES;
				CLANG_WARN_OBJC_LITERAL_CONVERSION = YES;
				CLANG_WARN_OBJC_ROOT_CLASS = YES_ERROR;
				CLANG_WARN_QUOTED_INCLUDE_IN_FRAMEWORK_HEADER = YES;
				CLANG_WARN_RANGE_LOOP_ANALYSIS = YES;
				CLANG_WARN_STRICT_PROTOTYPES = YES;
				CLANG_WARN_SUSPICIOUS_MOVE = YES;
				CLANG_WARN_UNGUARDED_AVAILABILITY = YES_AGGRESSIVE;
				CLANG_WARN_UNREACHABLE_CODE = YES;
				CLANG_WARN__DUPLICATE_METHOD_MATCH = YES;
				COPY_PHASE_STRIP = NO;
				DEBUG_INFORMATION_FORMAT = dwarf;
				ENABLE_STRICT_OBJC_MSGSEND = YES;
				ENABLE_TESTABILITY = YES;
				GCC_C_LANGUAGE_STANDARD = gnu11;
				GCC_DYNAMIC_NO_PIC = NO;
				GCC_NO_COMMON_BLOCKS = YES;
				GCC_OPTIMIZATION_LEVEL = 0;
				GCC_PREPROCESSOR_DEFINITIONS = (
					"DEBUG=1",
					"$(inherited)",
				);
				GCC_WARN_64_TO_32_BIT_CONVERSION = YES;
				GCC_WARN_ABOUT_RETURN_TYPE = YES_ERROR;
				GCC_WARN_UNDECLARED_SELECTOR = YES;
				GCC_WARN_UNINITIALIZED_AUTOS = YES_AGGRESSIVE;
				GCC_WARN_UNUSED_FUNCTION = YES;
				GCC_WARN_UNUSED_VARIABLE = YES;
				IPHONEOS_DEPLOYMENT_TARGET = 14.0;
				MTL_ENABLE_DEBUG_INFO = INCLUDE_SOURCE;
				MTL_FAST_MATH = YES;
				ONLY_ACTIVE_ARCH = YES;
				SDKROOT = iphoneos;
				SWIFT_ACTIVE_COMPILATION_CONDITIONS = DEBUG;
				SWIFT_OPTIMIZATION_LEVEL = "-Onone";
			};
			name = Debug;
		};
		84EBDED2255E63360017C7C1 /* Release */ = {
			isa = XCBuildConfiguration;
			buildSettings = {
				ALWAYS_SEARCH_USER_PATHS = NO;
				CLANG_ANALYZER_NONNULL = YES;
				CLANG_ANALYZER_NUMBER_OBJECT_CONVERSION = YES_AGGRESSIVE;
				CLANG_CXX_LANGUAGE_STANDARD = "gnu++14";
				CLANG_CXX_LIBRARY = "libc++";
				CLANG_ENABLE_MODULES = YES;
				CLANG_ENABLE_OBJC_ARC = YES;
				CLANG_ENABLE_OBJC_WEAK = YES;
				CLANG_WARN_BLOCK_CAPTURE_AUTORELEASING = YES;
				CLANG_WARN_BOOL_CONVERSION = YES;
				CLANG_WARN_COMMA = YES;
				CLANG_WARN_CONSTANT_CONVERSION = YES;
				CLANG_WARN_DEPRECATED_OBJC_IMPLEMENTATIONS = YES;
				CLANG_WARN_DIRECT_OBJC_ISA_USAGE = YES_ERROR;
				CLANG_WARN_DOCUMENTATION_COMMENTS = YES;
				CLANG_WARN_EMPTY_BODY = YES;
				CLANG_WARN_ENUM_CONVERSION = YES;
				CLANG_WARN_INFINITE_RECURSION = YES;
				CLANG_WARN_INT_CONVERSION = YES;
				CLANG_WARN_NON_LITERAL_NULL_CONVERSION = YES;
				CLANG_WARN_OBJC_IMPLICIT_RETAIN_SELF = YES;
				CLANG_WARN_OBJC_LITERAL_CONVERSION = YES;
				CLANG_WARN_OBJC_ROOT_CLASS = YES_ERROR;
				CLANG_WARN_QUOTED_INCLUDE_IN_FRAMEWORK_HEADER = YES;
				CLANG_WARN_RANGE_LOOP_ANALYSIS = YES;
				CLANG_WARN_STRICT_PROTOTYPES = YES;
				CLANG_WARN_SUSPICIOUS_MOVE = YES;
				CLANG_WARN_UNGUARDED_AVAILABILITY = YES_AGGRESSIVE;
				CLANG_WARN_UNREACHABLE_CODE = YES;
				CLANG_WARN__DUPLICATE_METHOD_MATCH = YES;
				COPY_PHASE_STRIP = NO;
				DEBUG_INFORMATION_FORMAT = "dwarf-with-dsym";
				ENABLE_NS_ASSERTIONS = NO;
				ENABLE_STRICT_OBJC_MSGSEND = YES;
				GCC_C_LANGUAGE_STANDARD = gnu11;
				GCC_NO_COMMON_BLOCKS = YES;
				GCC_WARN_64_TO_32_BIT_CONVERSION = YES;
				GCC_WARN_ABOUT_RETURN_TYPE = YES_ERROR;
				GCC_WARN_UNDECLARED_SELECTOR = YES;
				GCC_WARN_UNINITIALIZED_AUTOS = YES_AGGRESSIVE;
				GCC_WARN_UNUSED_FUNCTION = YES;
				GCC_WARN_UNUSED_VARIABLE = YES;
				IPHONEOS_DEPLOYMENT_TARGET = 14.0;
				MTL_ENABLE_DEBUG_INFO = NO;
				MTL_FAST_MATH = YES;
				SDKROOT = iphoneos;
				SWIFT_COMPILATION_MODE = wholemodule;
				SWIFT_OPTIMIZATION_LEVEL = "-O";
				VALIDATE_PRODUCT = YES;
			};
			name = Release;
		};
		84EBDED4255E63360017C7C1 /* Debug */ = {
			isa = XCBuildConfiguration;
			baseConfigurationReference = 2BBE249469642CF501DEA4A2 /* Pods-Books.debug.xcconfig */;
			buildSettings = {
				ASSETCATALOG_COMPILER_APPICON_NAME = AppIcon;
				ASSETCATALOG_COMPILER_GLOBAL_ACCENT_COLOR_NAME = AccentColor;
				CODE_SIGN_STYLE = Automatic;
				INFOPLIST_FILE = Books/Info.plist;
				IPHONEOS_DEPLOYMENT_TARGET = 13.2;
				LD_RUNPATH_SEARCH_PATHS = (
					"$(inherited)",
					"@executable_path/Frameworks",
				);
				PRODUCT_BUNDLE_IDENTIFIER = semenovdanil.Books;
				PRODUCT_NAME = "$(TARGET_NAME)";
				SWIFT_VERSION = 5.0;
				TARGETED_DEVICE_FAMILY = "1,2";
			};
			name = Debug;
		};
		84EBDED5255E63360017C7C1 /* Release */ = {
			isa = XCBuildConfiguration;
			baseConfigurationReference = BE868AB21FAECF158DD9A60F /* Pods-Books.release.xcconfig */;
			buildSettings = {
				ASSETCATALOG_COMPILER_APPICON_NAME = AppIcon;
				ASSETCATALOG_COMPILER_GLOBAL_ACCENT_COLOR_NAME = AccentColor;
				CODE_SIGN_STYLE = Automatic;
				INFOPLIST_FILE = Books/Info.plist;
				IPHONEOS_DEPLOYMENT_TARGET = 13.2;
				LD_RUNPATH_SEARCH_PATHS = (
					"$(inherited)",
					"@executable_path/Frameworks",
				);
				PRODUCT_BUNDLE_IDENTIFIER = semenovdanil.Books;
				PRODUCT_NAME = "$(TARGET_NAME)";
				SWIFT_VERSION = 5.0;
				TARGETED_DEVICE_FAMILY = "1,2";
			};
			name = Release;
		};
/* End XCBuildConfiguration section */

/* Begin XCConfigurationList section */
		84EBDEBA255E632D0017C7C1 /* Build configuration list for PBXProject "Books" */ = {
			isa = XCConfigurationList;
			buildConfigurations = (
				84EBDED1255E63360017C7C1 /* Debug */,
				84EBDED2255E63360017C7C1 /* Release */,
			);
			defaultConfigurationIsVisible = 0;
			defaultConfigurationName = Release;
		};
		84EBDED3255E63360017C7C1 /* Build configuration list for PBXNativeTarget "Books" */ = {
			isa = XCConfigurationList;
			buildConfigurations = (
				84EBDED4255E63360017C7C1 /* Debug */,
				84EBDED5255E63360017C7C1 /* Release */,
			);
			defaultConfigurationIsVisible = 0;
			defaultConfigurationName = Release;
		};
/* End XCConfigurationList section */
	};
	rootObject = 84EBDEB7255E632D0017C7C1 /* Project object */;
}
